PODS:
  - FlutterMacOS (1.0.0)
  - video_processor_core (0.1.0):
    - FlutterMacOS

DEPENDENCIES:
  - FlutterMacOS (from `Flutter/ephemeral`)
  - video_processor_core (from `Flutter/ephemeral/.symlinks/plugins/video_processor_core/macos`)

EXTERNAL SOURCES:
  FlutterMacOS:
    :path: Flutter/ephemeral
  video_processor_core:
    :path: Flutter/ephemeral/.symlinks/plugins/video_processor_core/macos

SPEC CHECKSUMS:
  FlutterMacOS: d0db08ddef1a9af05a5ec4b724367152bb0500b1
  video_processor_core: 7b9f0414cd5dba842e09a0fb6a1707cd862db9a1

PODFILE CHECKSUM: 54d867c82ac51cbd61b565781b9fada492027009

COCOAPODS: 1.16.2
