PODS:
  - FlutterMacOS (1.0.0)
  - rust_gpu_texture (0.1.0):
    - FlutterMacOS

DEPENDENCIES:
  - FlutterMacOS (from `Flutter/ephemeral`)
  - rust_gpu_texture (from `Flutter/ephemeral/.symlinks/plugins/rust_gpu_texture/macos`)

EXTERNAL SOURCES:
  FlutterMacOS:
    :path: Flutter/ephemeral
  rust_gpu_texture:
    :path: Flutter/ephemeral/.symlinks/plugins/rust_gpu_texture/macos

SPEC CHECKSUMS:
  FlutterMacOS: d0db08ddef1a9af05a5ec4b724367152bb0500b1
  rust_gpu_texture: 9f133a42cf51e7e65fc9023be5deb1484f936827

PODFILE CHECKSUM: e08e57b58649e8521aa43a39a957c3443a184219

COCOAPODS: 1.16.2
