PODS:
  - FlutterMacOS (1.0.0)
  - image_forge_core (1.0.1):
    - FlutterMacOS

DEPENDENCIES:
  - FlutterMacOS (from `Flutter/ephemeral`)
  - image_forge_core (from `Flutter/ephemeral/.symlinks/plugins/image_forge_core/macos`)

EXTERNAL SOURCES:
  FlutterMacOS:
    :path: Flutter/ephemeral
  image_forge_core:
    :path: Flutter/ephemeral/.symlinks/plugins/image_forge_core/macos

SPEC CHECKSUMS:
  FlutterMacOS: c232990155153907050900a2e175c7773903ba4e
  image_forge_core: 4e7fcad8b4e3341803aa762757159b7962579c37

PODFILE CHECKSUM: 1e95c36afbfd1cb6423ceca4de7a8e1b256fb6ac

COCOAPODS: 1.16.2
