PODS:
  - FlutterMacOS (1.0.0)
  - image_forge (1.0.0):
    - FlutterMacOS
  - media_forge (0.1.0):
    - FlutterMacOS
  - pixel_surface (1.0.0):
    - FlutterMacOS
  - video_forge (1.0.0):
    - FlutterMacOS

DEPENDENCIES:
  - FlutterMacOS (from `Flutter/ephemeral`)
  - image_forge (from `Flutter/ephemeral/.symlinks/plugins/image_forge/macos`)
  - media_forge (from `Flutter/ephemeral/.symlinks/plugins/media_forge/macos`)
  - pixel_surface (from `Flutter/ephemeral/.symlinks/plugins/pixel_surface/macos`)
  - video_forge (from `Flutter/ephemeral/.symlinks/plugins/video_forge/macos`)

EXTERNAL SOURCES:
  FlutterMacOS:
    :path: Flutter/ephemeral
  image_forge:
    :path: Flutter/ephemeral/.symlinks/plugins/image_forge/macos
  media_forge:
    :path: Flutter/ephemeral/.symlinks/plugins/media_forge/macos
  pixel_surface:
    :path: Flutter/ephemeral/.symlinks/plugins/pixel_surface/macos
  video_forge:
    :path: Flutter/ephemeral/.symlinks/plugins/video_forge/macos

SPEC CHECKSUMS:
  FlutterMacOS: d0db08ddef1a9af05a5ec4b724367152bb0500b1
  image_forge: 6eb0c8d64d0a68bfa6bc01629f472c83095f6501
  media_forge: 040fd1b0605fb909fded6c789625287e402811f0
  pixel_surface: 415771ab34c2e234ad2f521d5b2e33c0899f54a2
  video_forge: 6d922efdb9e6dcfc4c6ab230fc602feb453fd4c5

PODFILE CHECKSUM: b8c7280e313b6fb858f9a7520a29ad42f76f5c91

COCOAPODS: 1.16.2
