PODS:
  - FlutterMacOS (1.0.0)
  - rust_gpu_texture (0.1.0):
    - FlutterMacOS
  - rust_image_core (0.0.1):
    - FlutterMacOS
  - video_processor_core (0.1.0):
    - FlutterMacOS

DEPENDENCIES:
  - FlutterMacOS (from `Flutter/ephemeral`)
  - rust_gpu_texture (from `Flutter/ephemeral/.symlinks/plugins/rust_gpu_texture/macos`)
  - rust_image_core (from `Flutter/ephemeral/.symlinks/plugins/rust_image_core/macos`)
  - video_processor_core (from `Flutter/ephemeral/.symlinks/plugins/video_processor_core/macos`)

EXTERNAL SOURCES:
  FlutterMacOS:
    :path: Flutter/ephemeral
  rust_gpu_texture:
    :path: Flutter/ephemeral/.symlinks/plugins/rust_gpu_texture/macos
  rust_image_core:
    :path: Flutter/ephemeral/.symlinks/plugins/rust_image_core/macos
  video_processor_core:
    :path: Flutter/ephemeral/.symlinks/plugins/video_processor_core/macos

SPEC CHECKSUMS:
  FlutterMacOS: d0db08ddef1a9af05a5ec4b724367152bb0500b1
  rust_gpu_texture: 9f133a42cf51e7e65fc9023be5deb1484f936827
  rust_image_core: 4be765a14bd4582590183edb25a7d22ba0f71df3
  video_processor_core: 7b9f0414cd5dba842e09a0fb6a1707cd862db9a1

PODFILE CHECKSUM: 3a86122fc88e20d05bf83e579a89d891a92bd7fe

COCOAPODS: 1.16.2
