PODS:
  - FlutterMacOS (1.0.0)
  - pixel_surface (1.1.0):
    - FlutterMacOS

DEPENDENCIES:
  - FlutterMacOS (from `Flutter/ephemeral`)
  - pixel_surface (from `Flutter/ephemeral/.symlinks/plugins/pixel_surface/macos`)

EXTERNAL SOURCES:
  FlutterMacOS:
    :path: Flutter/ephemeral
  pixel_surface:
    :path: Flutter/ephemeral/.symlinks/plugins/pixel_surface/macos

SPEC CHECKSUMS:
  FlutterMacOS: d0db08ddef1a9af05a5ec4b724367152bb0500b1
  pixel_surface: 8db9295d88b142073a9f28bb10931e7fb2ae40a1

PODFILE CHECKSUM: 9ca71906c3d04587670b20b78ee37c62d82bc24c

COCOAPODS: 1.16.2
