PODS:
  - Flutter (1.0.0)
  - flutter_video_processor (0.1.0):
    - Flutter

DEPENDENCIES:
  - Flutter (from `Flutter`)
  - flutter_video_processor (from `.symlinks/plugins/flutter_video_processor/ios`)

EXTERNAL SOURCES:
  Flutter:
    :path: Flutter
  flutter_video_processor:
    :path: ".symlinks/plugins/flutter_video_processor/ios"

SPEC CHECKSUMS:
  Flutter: cabc95a1d2626b1b06e7179b784ebcf0c0cde467
  flutter_video_processor: 27cc04f6e9d0dc02b68818ef0611cdb73a81eee6

PODFILE CHECKSUM: 3c63482e143d1b91d2d2560aee9fb04ecc74ac7e

COCOAPODS: 1.16.2
